{
  "requires": true,
  "lockfileVersion": 1,
  "dependencies": {
    "gitbook-plugin-back-to-top-button": {
      "version": "0.1.4",
      "resolved": "https://registry.npmjs.org/gitbook-plugin-back-to-top-button/-/gitbook-plugin-back-to-top-button-0.1.4.tgz",
      "integrity": "sha1-5iGDOLDvGdWOb2YAmUNQt26ANd8="
    },
    "gitbook-plugin-code": {
      "version": "0.1.0",
      "resolved": "https://registry.npmjs.org/gitbook-plugin-code/-/gitbook-plugin-code-0.1.0.tgz",
      "integrity": "sha1-gRqWALrvdViuGTzufVgQABZn6Xs="
    },
    "gitbook-plugin-donate": {
      "version": "1.0.2",
      "resolved": "https://registry.npmjs.org/gitbook-plugin-donate/-/gitbook-plugin-donate-1.0.2.tgz",
      "integrity": "sha1-telSLNaTFY4a/ueAtfATk/0yP2Q="
    },
    "gitbook-plugin-edit-link": {
      "version": "2.0.2",
      "resolved": "https://registry.npmjs.org/gitbook-plugin-edit-link/-/gitbook-plugin-edit-link-2.0.2.tgz",
      "integrity": "sha1-2PzZJ+ztgeemYqctWdtgnq/X5y8="
    },
    "gitbook-plugin-expandable-chapters": {
      "version": "0.2.0",
      "resolved": "https://registry.npmjs.org/gitbook-plugin-expandable-chapters/-/gitbook-plugin-expandable-chapters-0.2.0.tgz",
      "integrity": "sha1-RdcIeuaQekH0gSjFT+ViJKnBraI="
    },
    "gitbook-plugin-github-buttons": {
      "version": "2.1.0",
      "resolved": "https://registry.npmjs.org/gitbook-plugin-github-buttons/-/gitbook-plugin-github-buttons-2.1.0.tgz",
      "integrity": "sha1-eZOqHmwgUeF0POTiw3PEPbZeiuQ="
    },
    "gitbook-plugin-search-pro": {
      "version": "2.0.2",
      "resolved": "https://registry.npmjs.org/gitbook-plugin-search-pro/-/gitbook-plugin-search-pro-2.0.2.tgz",
      "integrity": "sha1-fOduj2XCBESJucaSc2sj+B/mofI=",
      "requires": {
        "html-entities": "1.2.0"
      }
    },
    "gitbook-plugin-theme-lou": {
      "version": "1.0.3",
      "resolved": "https://registry.npmjs.org/gitbook-plugin-theme-lou/-/gitbook-plugin-theme-lou-1.0.3.tgz",
      "integrity": "sha1-OIcB6y0R4vgnYwKJLpsrNmiI7q0="
    },
    "gitbook-plugin-theme-seers": {
      "version": "1.0.5",
      "resolved": "https://registry.npmjs.org/gitbook-plugin-theme-seers/-/gitbook-plugin-theme-seers-1.0.5.tgz",
      "integrity": "sha512-xROaRZOgOqk1w+sWVFEJhvZCPBT+xLjEjTOPe5ryIysEtE2MA1vPwl7VBvZZqbxrK+xaDJ/8y4HiHItKheaG+Q=="
    },
    "gitbook-plugin-zealar": {
      "version": "1.0.3",
      "resolved": "https://registry.npmjs.org/gitbook-plugin-zealar/-/gitbook-plugin-zealar-1.0.3.tgz",
      "integrity": "sha1-PJ5AdknHrFHkdMAKxl5xQc17xIM="
    },
    "html-entities": {
      "version": "1.2.0",
      "resolved": "https://registry.npmjs.org/html-entities/-/html-entities-1.2.0.tgz",
      "integrity": "sha1-QZSMr4XOgv7Tbk5qDtNxpmZDeeI="
    }
  }
}
